// !$*UTF8*$!
{
	archiveVersion = 1;
	classes = {
	};
	objectVersion = 50;
	objects = {

/* Begin PBXBuildFile section */
		D30CDC3F222693F000FC4E3E /* AppDelegate.swift in Sources */ = {isa = PBXBuildFile; fileRef = D30CDC3E222693F000FC4E3E /* AppDelegate.swift */; };
		D30CDC44222693F000FC4E3E /* Main.storyboard in Resources */ = {isa = PBXBuildFile; fileRef = D30CDC42222693F000FC4E3E /* Main.storyboard */; };
		D30CDC47222693F000FC4E3E /* project_5___image_Gallery.xcdatamodeld in Sources */ = {isa = PBXBuildFile; fileRef = D30CDC45222693F000FC4E3E /* project_5___image_Gallery.xcdatamodeld */; };
		D30CDC49222693F100FC4E3E /* Assets.xcassets in Resources */ = {isa = PBXBuildFile; fileRef = D30CDC48222693F100FC4E3E /* Assets.xcassets */; };
		D30CDC4C222693F100FC4E3E /* LaunchScreen.storyboard in Resources */ = {isa = PBXBuildFile; fileRef = D30CDC4A222693F100FC4E3E /* LaunchScreen.storyboard */; };
		D30CDC552226978F00FC4E3E /* ImageGalleryTableViewController.swift in Sources */ = {isa = PBXBuildFile; fileRef = D30CDC542226978F00FC4E3E /* ImageGalleryTableViewController.swift */; };
		D30CDC572226A88300FC4E3E /* Utilities.swift in Sources */ = {isa = PBXBuildFile; fileRef = D30CDC562226A88300FC4E3E /* Utilities.swift */; };
		D30CDC5B2226C95800FC4E3E /* ImageCollectionViewCell.swift in Sources */ = {isa = PBXBuildFile; fileRef = D30CDC5A2226C95800FC4E3E /* ImageCollectionViewCell.swift */; };
		D30CDC5F2226D98200FC4E3E /* ImageGalleryCollectionViewController.swift in Sources */ = {isa = PBXBuildFile; fileRef = D30CDC5E2226D98200FC4E3E /* ImageGalleryCollectionViewController.swift */; };
		D30CDC6122283B9400FC4E3E /* ImageGalleryCollectionViewControllerDelegate.swift in Sources */ = {isa = PBXBuildFile; fileRef = D30CDC6022283B9400FC4E3E /* ImageGalleryCollectionViewControllerDelegate.swift */; };
		D30CDC65222BBD4B00FC4E3E /* ImageGalleryTableViewCell.swift in Sources */ = {isa = PBXBuildFile; fileRef = D30CDC64222BBD4B00FC4E3E /* ImageGalleryTableViewCell.swift */; };
		D30CDC67222BD71400FC4E3E /* ImageGalleryTabelViewCellDelegate.swift in Sources */ = {isa = PBXBuildFile; fileRef = D30CDC66222BD71400FC4E3E /* ImageGalleryTabelViewCellDelegate.swift */; };
		D30CDC69222C01EC00FC4E3E /* FullScreenScrollableImageView.swift in Sources */ = {isa = PBXBuildFile; fileRef = D30CDC68222C01EC00FC4E3E /* FullScreenScrollableImageView.swift */; };
		D30CDC6B222C35BC00FC4E3E /* ImageCollectionViewCellDelegate.swift in Sources */ = {isa = PBXBuildFile; fileRef = D30CDC6A222C35BC00FC4E3E /* ImageCollectionViewCellDelegate.swift */; };
		D32A95E822316CA200AA7FEF /* GalleriesModel.swift in Sources */ = {isa = PBXBuildFile; fileRef = D32A95E722316CA200AA7FEF /* GalleriesModel.swift */; };
/* End PBXBuildFile section */

/* Begin PBXFileReference section */
		D30CDC3B222693F000FC4E3E /* project 5 - image Gallery.app */ = {isa = PBXFileReference; explicitFileType = wrapper.application; includeInIndex = 0; path = "project 5 - image Gallery.app"; sourceTree = BUILT_PRODUCTS_DIR; };
		D30CDC3E222693F000FC4E3E /* AppDelegate.swift */ = {isa = PBXFileReference; lastKnownFileType = sourcecode.swift; path = AppDelegate.swift; sourceTree = "<group>"; };
		D30CDC43222693F000FC4E3E /* Base */ = {isa = PBXFileReference; lastKnownFileType = file.storyboard; name = Base; path = Base.lproj/Main.storyboard; sourceTree = "<group>"; };
		D30CDC46222693F000FC4E3E /* project_5___image_Gallery.xcdatamodel */ = {isa = PBXFileReference; lastKnownFileType = wrapper.xcdatamodel; path = "project_5___image_Gallery.xcdatamodel"; sourceTree = "<group>"; };
		D30CDC48222693F100FC4E3E /* Assets.xcassets */ = {isa = PBXFileReference; lastKnownFileType = folder.assetcatalog; path = Assets.xcassets; sourceTree = "<group>"; };
		D30CDC4B222693F100FC4E3E /* Base */ = {isa = PBXFileReference; lastKnownFileType = file.storyboard; name = Base; path = Base.lproj/LaunchScreen.storyboard; sourceTree = "<group>"; };
		D30CDC4D222693F100FC4E3E /* Info.plist */ = {isa = PBXFileReference; lastKnownFileType = text.plist.xml; path = Info.plist; sourceTree = "<group>"; };
		D30CDC542226978F00FC4E3E /* ImageGalleryTableViewController.swift */ = {isa = PBXFileReference; lastKnownFileType = sourcecode.swift; path = ImageGalleryTableViewController.swift; sourceTree = "<group>"; };
		D30CDC562226A88300FC4E3E /* Utilities.swift */ = {isa = PBXFileReference; lastKnownFileType = sourcecode.swift; path = Utilities.swift; sourceTree = "<group>"; };
		D30CDC5A2226C95800FC4E3E /* ImageCollectionViewCell.swift */ = {isa = PBXFileReference; lastKnownFileType = sourcecode.swift; path = ImageCollectionViewCell.swift; sourceTree = "<group>"; };
		D30CDC5E2226D98200FC4E3E /* ImageGalleryCollectionViewController.swift */ = {isa = PBXFileReference; lastKnownFileType = sourcecode.swift; path = ImageGalleryCollectionViewController.swift; sourceTree = "<group>"; };
		D30CDC6022283B9400FC4E3E /* ImageGalleryCollectionViewControllerDelegate.swift */ = {isa = PBXFileReference; lastKnownFileType = sourcecode.swift; path = ImageGalleryCollectionViewControllerDelegate.swift; sourceTree = "<group>"; };
		D30CDC64222BBD4B00FC4E3E /* ImageGalleryTableViewCell.swift */ = {isa = PBXFileReference; lastKnownFileType = sourcecode.swift; path = ImageGalleryTableViewCell.swift; sourceTree = "<group>"; };
		D30CDC66222BD71400FC4E3E /* ImageGalleryTabelViewCellDelegate.swift */ = {isa = PBXFileReference; lastKnownFileType = sourcecode.swift; path = ImageGalleryTabelViewCellDelegate.swift; sourceTree = "<group>"; };
		D30CDC68222C01EC00FC4E3E /* FullScreenScrollableImageView.swift */ = {isa = PBXFileReference; lastKnownFileType = sourcecode.swift; path = FullScreenScrollableImageView.swift; sourceTree = "<group>"; };
		D30CDC6A222C35BC00FC4E3E /* ImageCollectionViewCellDelegate.swift */ = {isa = PBXFileReference; lastKnownFileType = sourcecode.swift; path = ImageCollectionViewCellDelegate.swift; sourceTree = "<group>"; };
		D32A95E722316CA200AA7FEF /* GalleriesModel.swift */ = {isa = PBXFileReference; lastKnownFileType = sourcecode.swift; path = GalleriesModel.swift; sourceTree = "<group>"; };
/* End PBXFileReference section */

/* Begin PBXFrameworksBuildPhase section */
		D30CDC38222693F000FC4E3E /* Frameworks */ = {
			isa = PBXFrameworksBuildPhase;
			buildActionMask = 2147483647;
			files = (
			);
			runOnlyForDeploymentPostprocessing = 0;
		};
/* End PBXFrameworksBuildPhase section */

/* Begin PBXGroup section */
		D30CDC32222693F000FC4E3E = {
			isa = PBXGroup;
			children = (
				D30CDC3D222693F000FC4E3E /* project 5 - image Gallery */,
				D30CDC3C222693F000FC4E3E /* Products */,
			);
			sourceTree = "<group>";
		};
		D30CDC3C222693F000FC4E3E /* Products */ = {
			isa = PBXGroup;
			children = (
				D30CDC3B222693F000FC4E3E /* project 5 - image Gallery.app */,
			);
			name = Products;
			sourceTree = "<group>";
		};
		D30CDC3D222693F000FC4E3E /* project 5 - image Gallery */ = {
			isa = PBXGroup;
			children = (
				D30CDC4D222693F100FC4E3E /* Info.plist */,
				D30CDC532226942200FC4E3E /* supporting files */,
				D30CDC42222693F000FC4E3E /* Main.storyboard */,
				D30CDC68222C01EC00FC4E3E /* FullScreenScrollableImageView.swift */,
				D32A95E722316CA200AA7FEF /* GalleriesModel.swift */,
				D30CDC6022283B9400FC4E3E /* ImageGalleryCollectionViewControllerDelegate.swift */,
				D30CDC5E2226D98200FC4E3E /* ImageGalleryCollectionViewController.swift */,
				D30CDC5A2226C95800FC4E3E /* ImageCollectionViewCell.swift */,
				D30CDC6A222C35BC00FC4E3E /* ImageCollectionViewCellDelegate.swift */,
				D30CDC64222BBD4B00FC4E3E /* ImageGalleryTableViewCell.swift */,
				D30CDC542226978F00FC4E3E /* ImageGalleryTableViewController.swift */,
				D30CDC66222BD71400FC4E3E /* ImageGalleryTabelViewCellDelegate.swift */,
				D30CDC48222693F100FC4E3E /* Assets.xcassets */,
			);
			path = "project 5 - image Gallery";
			sourceTree = "<group>";
		};
		D30CDC532226942200FC4E3E /* supporting files */ = {
			isa = PBXGroup;
			children = (
				D30CDC562226A88300FC4E3E /* Utilities.swift */,
				D30CDC3E222693F000FC4E3E /* AppDelegate.swift */,
				D30CDC4A222693F100FC4E3E /* LaunchScreen.storyboard */,
				D30CDC45222693F000FC4E3E /* project_5___image_Gallery.xcdatamodeld */,
			);
			path = "supporting files";
			sourceTree = "<group>";
		};
/* End PBXGroup section */

/* Begin PBXNativeTarget section */
		D30CDC3A222693F000FC4E3E /* project 5 - image Gallery */ = {
			isa = PBXNativeTarget;
			buildConfigurationList = D30CDC50222693F100FC4E3E /* Build configuration list for PBXNativeTarget "project 5 - image Gallery" */;
			buildPhases = (
				D30CDC37222693F000FC4E3E /* Sources */,
				D30CDC38222693F000FC4E3E /* Frameworks */,
				D30CDC39222693F000FC4E3E /* Resources */,
			);
			buildRules = (
			);
			dependencies = (
			);
			name = "project 5 - image Gallery";
			productName = "project 5 - image Gallery";
			productReference = D30CDC3B222693F000FC4E3E /* project 5 - image Gallery.app */;
			productType = "com.apple.product-type.application";
		};
/* End PBXNativeTarget section */

/* Begin PBXProject section */
		D30CDC33222693F000FC4E3E /* Project object */ = {
			isa = PBXProject;
			attributes = {
				LastSwiftUpdateCheck = 1010;
				LastUpgradeCheck = 1010;
				ORGANIZATIONNAME = "Tomer Kobrinsky";
				TargetAttributes = {
					D30CDC3A222693F000FC4E3E = {
						CreatedOnToolsVersion = 10.1;
					};
				};
			};
			buildConfigurationList = D30CDC36222693F000FC4E3E /* Build configuration list for PBXProject "project 5 - image Gallery" */;
			compatibilityVersion = "Xcode 9.3";
			developmentRegion = en;
			hasScannedForEncodings = 0;
			knownRegions = (
				en,
				Base,
			);
			mainGroup = D30CDC32222693F000FC4E3E;
			productRefGroup = D30CDC3C222693F000FC4E3E /* Products */;
			projectDirPath = "";
			projectRoot = "";
			targets = (
				D30CDC3A222693F000FC4E3E /* project 5 - image Gallery */,
			);
		};
/* End PBXProject section */

/* Begin PBXResourcesBuildPhase section */
		D30CDC39222693F000FC4E3E /* Resources */ = {
			isa = PBXResourcesBuildPhase;
			buildActionMask = 2147483647;
			files = (
				D30CDC4C222693F100FC4E3E /* LaunchScreen.storyboard in Resources */,
				D30CDC49222693F100FC4E3E /* Assets.xcassets in Resources */,
				D30CDC44222693F000FC4E3E /* Main.storyboard in Resources */,
			);
			runOnlyForDeploymentPostprocessing = 0;
		};
/* End PBXResourcesBuildPhase section */

/* Begin PBXSourcesBuildPhase section */
		D30CDC37222693F000FC4E3E /* Sources */ = {
			isa = PBXSourcesBuildPhase;
			buildActionMask = 2147483647;
			files = (
				D30CDC65222BBD4B00FC4E3E /* ImageGalleryTableViewCell.swift in Sources */,
				D30CDC572226A88300FC4E3E /* Utilities.swift in Sources */,
				D30CDC69222C01EC00FC4E3E /* FullScreenScrollableImageView.swift in Sources */,
				D30CDC47222693F000FC4E3E /* project_5___image_Gallery.xcdatamodeld in Sources */,
				D30CDC67222BD71400FC4E3E /* ImageGalleryTabelViewCellDelegate.swift in Sources */,
				D30CDC5B2226C95800FC4E3E /* ImageCollectionViewCell.swift in Sources */,
				D30CDC3F222693F000FC4E3E /* AppDelegate.swift in Sources */,
				D30CDC552226978F00FC4E3E /* ImageGalleryTableViewController.swift in Sources */,
				D32A95E822316CA200AA7FEF /* GalleriesModel.swift in Sources */,
				D30CDC6122283B9400FC4E3E /* ImageGalleryCollectionViewControllerDelegate.swift in Sources */,
				D30CDC5F2226D98200FC4E3E /* ImageGalleryCollectionViewController.swift in Sources */,
				D30CDC6B222C35BC00FC4E3E /* ImageCollectionViewCellDelegate.swift in Sources */,
			);
			runOnlyForDeploymentPostprocessing = 0;
		};
/* End PBXSourcesBuildPhase section */

/* Begin PBXVariantGroup section */
		D30CDC42222693F000FC4E3E /* Main.storyboard */ = {
			isa = PBXVariantGroup;
			children = (
				D30CDC43222693F000FC4E3E /* Base */,
			);
			name = Main.storyboard;
			sourceTree = "<group>";
		};
		D30CDC4A222693F100FC4E3E /* LaunchScreen.storyboard */ = {
			isa = PBXVariantGroup;
			children = (
				D30CDC4B222693F100FC4E3E /* Base */,
			);
			name = LaunchScreen.storyboard;
			sourceTree = "<group>";
		};
/* End PBXVariantGroup section */

/* Begin XCBuildConfiguration section */
		D30CDC4E222693F100FC4E3E /* Debug */ = {
			isa = XCBuildConfiguration;
			buildSettings = {
				ALWAYS_SEARCH_USER_PATHS = NO;
				CLANG_ANALYZER_NONNULL = YES;
				CLANG_ANALYZER_NUMBER_OBJECT_CONVERSION = YES_AGGRESSIVE;
				CLANG_CXX_LANGUAGE_STANDARD = "gnu++14";
				CLANG_CXX_LIBRARY = "libc++";
				CLANG_ENABLE_MODULES = YES;
				CLANG_ENABLE_OBJC_ARC = YES;
				CLANG_ENABLE_OBJC_WEAK = YES;
				CLANG_WARN_BLOCK_CAPTURE_AUTORELEASING = YES;
				CLANG_WARN_BOOL_CONVERSION = YES;
				CLANG_WARN_COMMA = YES;
				CLANG_WARN_CONSTANT_CONVERSION = YES;
				CLANG_WARN_DEPRECATED_OBJC_IMPLEMENTATIONS = YES;
				CLANG_WARN_DIRECT_OBJC_ISA_USAGE = YES_ERROR;
				CLANG_WARN_DOCUMENTATION_COMMENTS = YES;
				CLANG_WARN_EMPTY_BODY = YES;
				CLANG_WARN_ENUM_CONVERSION = YES;
				CLANG_WARN_INFINITE_RECURSION = YES;
				CLANG_WARN_INT_CONVERSION = YES;
				CLANG_WARN_NON_LITERAL_NULL_CONVERSION = YES;
				CLANG_WARN_OBJC_IMPLICIT_RETAIN_SELF = YES;
				CLANG_WARN_OBJC_LITERAL_CONVERSION = YES;
				CLANG_WARN_OBJC_ROOT_CLASS = YES_ERROR;
				CLANG_WARN_RANGE_LOOP_ANALYSIS = YES;
				CLANG_WARN_STRICT_PROTOTYPES = YES;
				CLANG_WARN_SUSPICIOUS_MOVE = YES;
				CLANG_WARN_UNGUARDED_AVAILABILITY = YES_AGGRESSIVE;
				CLANG_WARN_UNREACHABLE_CODE = YES;
				CLANG_WARN__DUPLICATE_METHOD_MATCH = YES;
				CODE_SIGN_IDENTITY = "iPhone Developer";
				COPY_PHASE_STRIP = NO;
				DEBUG_INFORMATION_FORMAT = dwarf;
				ENABLE_STRICT_OBJC_MSGSEND = YES;
				ENABLE_TESTABILITY = YES;
				GCC_C_LANGUAGE_STANDARD = gnu11;
				GCC_DYNAMIC_NO_PIC = NO;
				GCC_NO_COMMON_BLOCKS = YES;
				GCC_OPTIMIZATION_LEVEL = 0;
				GCC_PREPROCESSOR_DEFINITIONS = (
					"DEBUG=1",
					"$(inherited)",
				);
				GCC_WARN_64_TO_32_BIT_CONVERSION = YES;
				GCC_WARN_ABOUT_RETURN_TYPE = YES_ERROR;
				GCC_WARN_UNDECLARED_SELECTOR = YES;
				GCC_WARN_UNINITIALIZED_AUTOS = YES_AGGRESSIVE;
				GCC_WARN_UNUSED_FUNCTION = YES;
				GCC_WARN_UNUSED_VARIABLE = YES;
				IPHONEOS_DEPLOYMENT_TARGET = 12.1;
				MTL_ENABLE_DEBUG_INFO = INCLUDE_SOURCE;
				MTL_FAST_MATH = YES;
				ONLY_ACTIVE_ARCH = YES;
				SDKROOT = iphoneos;
				SWIFT_ACTIVE_COMPILATION_CONDITIONS = DEBUG;
				SWIFT_OPTIMIZATION_LEVEL = "-Onone";
			};
			name = Debug;
		};
		D30CDC4F222693F100FC4E3E /* Release */ = {
			isa = XCBuildConfiguration;
			buildSettings = {
				ALWAYS_SEARCH_USER_PATHS = NO;
				CLANG_ANALYZER_NONNULL = YES;
				CLANG_ANALYZER_NUMBER_OBJECT_CONVERSION = YES_AGGRESSIVE;
				CLANG_CXX_LANGUAGE_STANDARD = "gnu++14";
				CLANG_CXX_LIBRARY = "libc++";
				CLANG_ENABLE_MODULES = YES;
				CLANG_ENABLE_OBJC_ARC = YES;
				CLANG_ENABLE_OBJC_WEAK = YES;
				CLANG_WARN_BLOCK_CAPTURE_AUTORELEASING = YES;
				CLANG_WARN_BOOL_CONVERSION = YES;
				CLANG_WARN_COMMA = YES;
				CLANG_WARN_CONSTANT_CONVERSION = YES;
				CLANG_WARN_DEPRECATED_OBJC_IMPLEMENTATIONS = YES;
				CLANG_WARN_DIRECT_OBJC_ISA_USAGE = YES_ERROR;
				CLANG_WARN_DOCUMENTATION_COMMENTS = YES;
				CLANG_WARN_EMPTY_BODY = YES;
				CLANG_WARN_ENUM_CONVERSION = YES;
				CLANG_WARN_INFINITE_RECURSION = YES;
				CLANG_WARN_INT_CONVERSION = YES;
				CLANG_WARN_NON_LITERAL_NULL_CONVERSION = YES;
				CLANG_WARN_OBJC_IMPLICIT_RETAIN_SELF = YES;
				CLANG_WARN_OBJC_LITERAL_CONVERSION = YES;
				CLANG_WARN_OBJC_ROOT_CLASS = YES_ERROR;
				CLANG_WARN_RANGE_LOOP_ANALYSIS = YES;
				CLANG_WARN_STRICT_PROTOTYPES = YES;
				CLANG_WARN_SUSPICIOUS_MOVE = YES;
				CLANG_WARN_UNGUARDED_AVAILABILITY = YES_AGGRESSIVE;
				CLANG_WARN_UNREACHABLE_CODE = YES;
				CLANG_WARN__DUPLICATE_METHOD_MATCH = YES;
				CODE_SIGN_IDENTITY = "iPhone Developer";
				COPY_PHASE_STRIP = NO;
				DEBUG_INFORMATION_FORMAT = "dwarf-with-dsym";
				ENABLE_NS_ASSERTIONS = NO;
				ENABLE_STRICT_OBJC_MSGSEND = YES;
				GCC_C_LANGUAGE_STANDARD = gnu11;
				GCC_NO_COMMON_BLOCKS = YES;
				GCC_WARN_64_TO_32_BIT_CONVERSION = YES;
				GCC_WARN_ABOUT_RETURN_TYPE = YES_ERROR;
				GCC_WARN_UNDECLARED_SELECTOR = YES;
				GCC_WARN_UNINITIALIZED_AUTOS = YES_AGGRESSIVE;
				GCC_WARN_UNUSED_FUNCTION = YES;
				GCC_WARN_UNUSED_VARIABLE = YES;
				IPHONEOS_DEPLOYMENT_TARGET = 12.1;
				MTL_ENABLE_DEBUG_INFO = NO;
				MTL_FAST_MATH = YES;
				SDKROOT = iphoneos;
				SWIFT_COMPILATION_MODE = wholemodule;
				SWIFT_OPTIMIZATION_LEVEL = "-O";
				VALIDATE_PRODUCT = YES;
			};
			name = Release;
		};
		D30CDC51222693F100FC4E3E /* Debug */ = {
			isa = XCBuildConfiguration;
			buildSettings = {
				ASSETCATALOG_COMPILER_APPICON_NAME = AppIcon;
				CODE_SIGN_STYLE = Automatic;
				DEVELOPMENT_TEAM = 885YV2LZDD;
				INFOPLIST_FILE = "project 5 - image Gallery/Info.plist";
				LD_RUNPATH_SEARCH_PATHS = (
					"$(inherited)",
					"@executable_path/Frameworks",
				);
				PRODUCT_BUNDLE_IDENTIFIER = "training.project-5---image-Gallery";
				PRODUCT_NAME = "$(TARGET_NAME)";
				SWIFT_VERSION = 4.2;
				TARGETED_DEVICE_FAMILY = "1,2";
			};
			name = Debug;
		};
		D30CDC52222693F100FC4E3E /* Release */ = {
			isa = XCBuildConfiguration;
			buildSettings = {
				ASSETCATALOG_COMPILER_APPICON_NAME = AppIcon;
				CODE_SIGN_STYLE = Automatic;
				DEVELOPMENT_TEAM = 885YV2LZDD;
				INFOPLIST_FILE = "project 5 - image Gallery/Info.plist";
				LD_RUNPATH_SEARCH_PATHS = (
					"$(inherited)",
					"@executable_path/Frameworks",
				);
				PRODUCT_BUNDLE_IDENTIFIER = "training.project-5---image-Gallery";
				PRODUCT_NAME = "$(TARGET_NAME)";
				SWIFT_VERSION = 4.2;
				TARGETED_DEVICE_FAMILY = "1,2";
			};
			name = Release;
		};
/* End XCBuildConfiguration section */

/* Begin XCConfigurationList section */
		D30CDC36222693F000FC4E3E /* Build configuration list for PBXProject "project 5 - image Gallery" */ = {
			isa = XCConfigurationList;
			buildConfigurations = (
				D30CDC4E222693F100FC4E3E /* Debug */,
				D30CDC4F222693F100FC4E3E /* Release */,
			);
			defaultConfigurationIsVisible = 0;
			defaultConfigurationName = Release;
		};
		D30CDC50222693F100FC4E3E /* Build configuration list for PBXNativeTarget "project 5 - image Gallery" */ = {
			isa = XCConfigurationList;
			buildConfigurations = (
				D30CDC51222693F100FC4E3E /* Debug */,
				D30CDC52222693F100FC4E3E /* Release */,
			);
			defaultConfigurationIsVisible = 0;
			defaultConfigurationName = Release;
		};
/* End XCConfigurationList section */

/* Begin XCVersionGroup section */
		D30CDC45222693F000FC4E3E /* project_5___image_Gallery.xcdatamodeld */ = {
			isa = XCVersionGroup;
			children = (
				D30CDC46222693F000FC4E3E /* project_5___image_Gallery.xcdatamodel */,
			);
			currentVersion = D30CDC46222693F000FC4E3E /* project_5___image_Gallery.xcdatamodel */;
			path = "project_5___image_Gallery.xcdatamodeld";
			sourceTree = "<group>";
			versionGroupType = wrapper.xcdatamodel;
		};
/* End XCVersionGroup section */
	};
	rootObject = D30CDC33222693F000FC4E3E /* Project object */;
}
